// !$*UTF8*$!
{
	archiveVersion = 1;
	classes = {
	};
	objectVersion = 50;
	objects = {

/* Begin PBXBuildFile section */
		FCFE8F1B24AB3072005D7D14 /* AppDelegate.swift in Sources */ = {isa = PBXBuildFile; fileRef = FCFE8F1A24AB3072005D7D14 /* AppDelegate.swift */; };
		FCFE8F1D24AB3072005D7D14 /* SceneDelegate.swift in Sources */ = {isa = PBXBuildFile; fileRef = FCFE8F1C24AB3072005D7D14 /* SceneDelegate.swift */; };
		FCFE8F1F24AB3072005D7D14 /* ViewController.swift in Sources */ = {isa = PBXBuildFile; fileRef = FCFE8F1E24AB3072005D7D14 /* ViewController.swift */; };
		FCFE8F2224AB3072005D7D14 /* Main.storyboard in Resources */ = {isa = PBXBuildFile; fileRef = FCFE8F2024AB3072005D7D14 /* Main.storyboard */; };
		FCFE8F2524AB3072005D7D14 /* OnMap.xcdatamodeld in Sources */ = {isa = PBXBuildFile; fileRef = FCFE8F2324AB3072005D7D14 /* OnMap.xcdatamodeld */; };
		FCFE8F2724AB3075005D7D14 /* Assets.xcassets in Resources */ = {isa = PBXBuildFile; fileRef = FCFE8F2624AB3075005D7D14 /* Assets.xcassets */; };
		FCFE8F2A24AB3075005D7D14 /* LaunchScreen.storyboard in Resources */ = {isa = PBXBuildFile; fileRef = FCFE8F2824AB3075005D7D14 /* LaunchScreen.storyboard */; };
/* End PBXBuildFile section */

/* Begin PBXFileReference section */
		FCFE8F1724AB3072005D7D14 /* OnMap.app */ = {isa = PBXFileReference; explicitFileType = wrapper.application; includeInIndex = 0; path = OnMap.app; sourceTree = BUILT_PRODUCTS_DIR; };
		FCFE8F1A24AB3072005D7D14 /* AppDelegate.swift */ = {isa = PBXFileReference; lastKnownFileType = sourcecode.swift; path = AppDelegate.swift; sourceTree = "<group>"; };
		FCFE8F1C24AB3072005D7D14 /* SceneDelegate.swift */ = {isa = PBXFileReference; lastKnownFileType = sourcecode.swift; path = SceneDelegate.swift; sourceTree = "<group>"; };
		FCFE8F1E24AB3072005D7D14 /* ViewController.swift */ = {isa = PBXFileReference; lastKnownFileType = sourcecode.swift; path = ViewController.swift; sourceTree = "<group>"; };
		FCFE8F2124AB3072005D7D14 /* Base */ = {isa = PBXFileReference; lastKnownFileType = file.storyboard; name = Base; path = Base.lproj/Main.storyboard; sourceTree = "<group>"; };
		FCFE8F2424AB3072005D7D14 /* OnMap.xcdatamodel */ = {isa = PBXFileReference; lastKnownFileType = wrapper.xcdatamodel; path = OnMap.xcdatamodel; sourceTree = "<group>"; };
		FCFE8F2624AB3075005D7D14 /* Assets.xcassets */ = {isa = PBXFileReference; lastKnownFileType = folder.assetcatalog; path = Assets.xcassets; sourceTree = "<group>"; };
		FCFE8F2924AB3075005D7D14 /* Base */ = {isa = PBXFileReference; lastKnownFileType = file.storyboard; name = Base; path = Base.lproj/LaunchScreen.storyboard; sourceTree = "<group>"; };
		FCFE8F2B24AB3075005D7D14 /* Info.plist */ = {isa = PBXFileReference; lastKnownFileType = text.plist.xml; path = Info.plist; sourceTree = "<group>"; };
/* End PBXFileReference section */

/* Begin PBXFrameworksBuildPhase section */
		FCFE8F1424AB3072005D7D14 /* Frameworks */ = {
			isa = PBXFrameworksBuildPhase;
			buildActionMask = 2147483647;
			files = (
			);
			runOnlyForDeploymentPostprocessing = 0;
		};
/* End PBXFrameworksBuildPhase section */

/* Begin PBXGroup section */
		FCFE8F0E24AB3072005D7D14 = {
			isa = PBXGroup;
			children = (
				FCFE8F1924AB3072005D7D14 /* OnMap */,
				FCFE8F1824AB3072005D7D14 /* Products */,
			);
			sourceTree = "<group>";
		};
		FCFE8F1824AB3072005D7D14 /* Products */ = {
			isa = PBXGroup;
			children = (
				FCFE8F1724AB3072005D7D14 /* OnMap.app */,
			);
			name = Products;
			sourceTree = "<group>";
		};
		FCFE8F1924AB3072005D7D14 /* OnMap */ = {
			isa = PBXGroup;
			children = (
				FCFE8F1A24AB3072005D7D14 /* AppDelegate.swift */,
				FCFE8F1C24AB3072005D7D14 /* SceneDelegate.swift */,
				FCFE8F1E24AB3072005D7D14 /* ViewController.swift */,
				FCFE8F2024AB3072005D7D14 /* Main.storyboard */,
				FCFE8F2624AB3075005D7D14 /* Assets.xcassets */,
				FCFE8F2824AB3075005D7D14 /* LaunchScreen.storyboard */,
				FCFE8F2B24AB3075005D7D14 /* Info.plist */,
				FCFE8F2324AB3072005D7D14 /* OnMap.xcdatamodeld */,
			);
			path = OnMap;
			sourceTree = "<group>";
		};
/* End PBXGroup section */

/* Begin PBXNativeTarget section */
		FCFE8F1624AB3072005D7D14 /* OnMap */ = {
			isa = PBXNativeTarget;
			buildConfigurationList = FCFE8F2E24AB3075005D7D14 /* Build configuration list for PBXNativeTarget "OnMap" */;
			buildPhases = (
				FCFE8F1324AB3072005D7D14 /* Sources */,
				FCFE8F1424AB3072005D7D14 /* Frameworks */,
				FCFE8F1524AB3072005D7D14 /* Resources */,
			);
			buildRules = (
			);
			dependencies = (
			);
			name = OnMap;
			productName = OnMap;
			productReference = FCFE8F1724AB3072005D7D14 /* OnMap.app */;
			productType = "com.apple.product-type.application";
		};
/* End PBXNativeTarget section */

/* Begin PBXProject section */
		FCFE8F0F24AB3072005D7D14 /* Project object */ = {
			isa = PBXProject;
			attributes = {
				LastSwiftUpdateCheck = 1140;
				LastUpgradeCheck = 1140;
				ORGANIZATIONNAME = "Sarah Al-Matawah";
				TargetAttributes = {
					FCFE8F1624AB3072005D7D14 = {
						CreatedOnToolsVersion = 11.4;
					};
				};
			};
			buildConfigurationList = FCFE8F1224AB3072005D7D14 /* Build configuration list for PBXProject "OnMap" */;
			compatibilityVersion = "Xcode 9.3";
			developmentRegion = en;
			hasScannedForEncodings = 0;
			knownRegions = (
				en,
				Base,
			);
			mainGroup = FCFE8F0E24AB3072005D7D14;
			productRefGroup = FCFE8F1824AB3072005D7D14 /* Products */;
			projectDirPath = "";
			projectRoot = "";
			targets = (
				FCFE8F1624AB3072005D7D14 /* OnMap */,
			);
		};
/* End PBXProject section */

/* Begin PBXResourcesBuildPhase section */
		FCFE8F1524AB3072005D7D14 /* Resources */ = {
			isa = PBXResourcesBuildPhase;
			buildActionMask = 2147483647;
			files = (
				FCFE8F2A24AB3075005D7D14 /* LaunchScreen.storyboard in Resources */,
				FCFE8F2724AB3075005D7D14 /* Assets.xcassets in Resources */,
				FCFE8F2224AB3072005D7D14 /* Main.storyboard in Resources */,
			);
			runOnlyForDeploymentPostprocessing = 0;
		};
/* End PBXResourcesBuildPhase section */

/* Begin PBXSourcesBuildPhase section */
		FCFE8F1324AB3072005D7D14 /* Sources */ = {
			isa = PBXSourcesBuildPhase;
			buildActionMask = 2147483647;
			files = (
				FCFE8F1F24AB3072005D7D14 /* ViewController.swift in Sources */,
				FCFE8F2524AB3072005D7D14 /* OnMap.xcdatamodeld in Sources */,
				FCFE8F1B24AB3072005D7D14 /* AppDelegate.swift in Sources */,
				FCFE8F1D24AB3072005D7D14 /* SceneDelegate.swift in Sources */,
			);
			runOnlyForDeploymentPostprocessing = 0;
		};
/* End PBXSourcesBuildPhase section */

/* Begin PBXVariantGroup section */
		FCFE8F2024AB3072005D7D14 /* Main.storyboard */ = {
			isa = PBXVariantGroup;
			children = (
				FCFE8F2124AB3072005D7D14 /* Base */,
			);
			name = Main.storyboard;
			sourceTree = "<group>";
		};
		FCFE8F2824AB3075005D7D14 /* LaunchScreen.storyboard */ = {
			isa = PBXVariantGroup;
			children = (
				FCFE8F2924AB3075005D7D14 /* Base */,
			);
			name = LaunchScreen.storyboard;
			sourceTree = "<group>";
		};
/* End PBXVariantGroup section */

/* Begin XCBuildConfiguration section */
		FCFE8F2C24AB3075005D7D14 /* Debug */ = {
			isa = XCBuildConfiguration;
			buildSettings = {
				ALWAYS_SEARCH_USER_PATHS = NO;
				CLANG_ANALYZER_NONNULL = YES;
				CLANG_ANALYZER_NUMBER_OBJECT_CONVERSION = YES_AGGRESSIVE;
				CLANG_CXX_LANGUAGE_STANDARD = "gnu++14";
				CLANG_CXX_LIBRARY = "libc++";
				CLANG_ENABLE_MODULES = YES;
				CLANG_ENABLE_OBJC_ARC = YES;
				CLANG_ENABLE_OBJC_WEAK = YES;
				CLANG_WARN_BLOCK_CAPTURE_AUTORELEASING = YES;
				CLANG_WARN_BOOL_CONVERSION = YES;
				CLANG_WARN_COMMA = YES;
				CLANG_WARN_CONSTANT_CONVERSION = YES;
				CLANG_WARN_DEPRECATED_OBJC_IMPLEMENTATIONS = YES;
				CLANG_WARN_DIRECT_OBJC_ISA_USAGE = YES_ERROR;
				CLANG_WARN_DOCUMENTATION_COMMENTS = YES;
				CLANG_WARN_EMPTY_BODY = YES;
				CLANG_WARN_ENUM_CONVERSION = YES;
				CLANG_WARN_INFINITE_RECURSION = YES;
				CLANG_WARN_INT_CONVERSION = YES;
				CLANG_WARN_NON_LITERAL_NULL_CONVERSION = YES;
				CLANG_WARN_OBJC_IMPLICIT_RETAIN_SELF = YES;
				CLANG_WARN_OBJC_LITERAL_CONVERSION = YES;
				CLANG_WARN_OBJC_ROOT_CLASS = YES_ERROR;
				CLANG_WARN_RANGE_LOOP_ANALYSIS = YES;
				CLANG_WARN_STRICT_PROTOTYPES = YES;
				CLANG_WARN_SUSPICIOUS_MOVE = YES;
				CLANG_WARN_UNGUARDED_AVAILABILITY = YES_AGGRESSIVE;
				CLANG_WARN_UNREACHABLE_CODE = YES;
				CLANG_WARN__DUPLICATE_METHOD_MATCH = YES;
				COPY_PHASE_STRIP = NO;
				DEBUG_INFORMATION_FORMAT = dwarf;
				ENABLE_STRICT_OBJC_MSGSEND = YES;
				ENABLE_TESTABILITY = YES;
				GCC_C_LANGUAGE_STANDARD = gnu11;
				GCC_DYNAMIC_NO_PIC = NO;
				GCC_NO_COMMON_BLOCKS = YES;
				GCC_OPTIMIZATION_LEVEL = 0;
				GCC_PREPROCESSOR_DEFINITIONS = (
					"DEBUG=1",
					"$(inherited)",
				);
				GCC_WARN_64_TO_32_BIT_CONVERSION = YES;
				GCC_WARN_ABOUT_RETURN_TYPE = YES_ERROR;
				GCC_WARN_UNDECLARED_SELECTOR = YES;
				GCC_WARN_UNINITIALIZED_AUTOS = YES_AGGRESSIVE;
				GCC_WARN_UNUSED_FUNCTION = YES;
				GCC_WARN_UNUSED_VARIABLE = YES;
				IPHONEOS_DEPLOYMENT_TARGET = 13.4;
				MTL_ENABLE_DEBUG_INFO = INCLUDE_SOURCE;
				MTL_FAST_MATH = YES;
				ONLY_ACTIVE_ARCH = YES;
				SDKROOT = iphoneos;
				SWIFT_ACTIVE_COMPILATION_CONDITIONS = DEBUG;
				SWIFT_OPTIMIZATION_LEVEL = "-Onone";
			};
			name = Debug;
		};
		FCFE8F2D24AB3075005D7D14 /* Release */ = {
			isa = XCBuildConfiguration;
			buildSettings = {
				ALWAYS_SEARCH_USER_PATHS = NO;
				CLANG_ANALYZER_NONNULL = YES;
				CLANG_ANALYZER_NUMBER_OBJECT_CONVERSION = YES_AGGRESSIVE;
				CLANG_CXX_LANGUAGE_STANDARD = "gnu++14";
				CLANG_CXX_LIBRARY = "libc++";
				CLANG_ENABLE_MODULES = YES;
				CLANG_ENABLE_OBJC_ARC = YES;
				CLANG_ENABLE_OBJC_WEAK = YES;
				CLANG_WARN_BLOCK_CAPTURE_AUTORELEASING = YES;
				CLANG_WARN_BOOL_CONVERSION = YES;
				CLANG_WARN_COMMA = YES;
				CLANG_WARN_CONSTANT_CONVERSION = YES;
				CLANG_WARN_DEPRECATED_OBJC_IMPLEMENTATIONS = YES;
				CLANG_WARN_DIRECT_OBJC_ISA_USAGE = YES_ERROR;
				CLANG_WARN_DOCUMENTATION_COMMENTS = YES;
				CLANG_WARN_EMPTY_BODY = YES;
				CLANG_WARN_ENUM_CONVERSION = YES;
				CLANG_WARN_INFINITE_RECURSION = YES;
				CLANG_WARN_INT_CONVERSION = YES;
				CLANG_WARN_NON_LITERAL_NULL_CONVERSION = YES;
				CLANG_WARN_OBJC_IMPLICIT_RETAIN_SELF = YES;
				CLANG_WARN_OBJC_LITERAL_CONVERSION = YES;
				CLANG_WARN_OBJC_ROOT_CLASS = YES_ERROR;
				CLANG_WARN_RANGE_LOOP_ANALYSIS = YES;
				CLANG_WARN_STRICT_PROTOTYPES = YES;
				CLANG_WARN_SUSPICIOUS_MOVE = YES;
				CLANG_WARN_UNGUARDED_AVAILABILITY = YES_AGGRESSIVE;
				CLANG_WARN_UNREACHABLE_CODE = YES;
				CLANG_WARN__DUPLICATE_METHOD_MATCH = YES;
				COPY_PHASE_STRIP = NO;
				DEBUG_INFORMATION_FORMAT = "dwarf-with-dsym";
				ENABLE_NS_ASSERTIONS = NO;
				ENABLE_STRICT_OBJC_MSGSEND = YES;
				GCC_C_LANGUAGE_STANDARD = gnu11;
				GCC_NO_COMMON_BLOCKS = YES;
				GCC_WARN_64_TO_32_BIT_CONVERSION = YES;
				GCC_WARN_ABOUT_RETURN_TYPE = YES_ERROR;
				GCC_WARN_UNDECLARED_SELECTOR = YES;
				GCC_WARN_UNINITIALIZED_AUTOS = YES_AGGRESSIVE;
				GCC_WARN_UNUSED_FUNCTION = YES;
				GCC_WARN_UNUSED_VARIABLE = YES;
				IPHONEOS_DEPLOYMENT_TARGET = 13.4;
				MTL_ENABLE_DEBUG_INFO = NO;
				MTL_FAST_MATH = YES;
				SDKROOT = iphoneos;
				SWIFT_COMPILATION_MODE = wholemodule;
				SWIFT_OPTIMIZATION_LEVEL = "-O";
				VALIDATE_PRODUCT = YES;
			};
			name = Release;
		};
		FCFE8F2F24AB3075005D7D14 /* Debug */ = {
			isa = XCBuildConfiguration;
			buildSettings = {
				ASSETCATALOG_COMPILER_APPICON_NAME = AppIcon;
				CODE_SIGN_STYLE = Automatic;
				DEVELOPMENT_TEAM = VJFUAMY9DL;
				INFOPLIST_FILE = OnMap/Info.plist;
				LD_RUNPATH_SEARCH_PATHS = (
					"$(inherited)",
					"@executable_path/Frameworks",
				);
				PRODUCT_BUNDLE_IDENTIFIER = com.saraha.OnMap;
				PRODUCT_NAME = "$(TARGET_NAME)";
				SWIFT_VERSION = 5.0;
				TARGETED_DEVICE_FAMILY = "1,2";
			};
			name = Debug;
		};
		FCFE8F3024AB3075005D7D14 /* Release */ = {
			isa = XCBuildConfiguration;
			buildSettings = {
				ASSETCATALOG_COMPILER_APPICON_NAME = AppIcon;
				CODE_SIGN_STYLE = Automatic;
				DEVELOPMENT_TEAM = VJFUAMY9DL;
				INFOPLIST_FILE = OnMap/Info.plist;
				LD_RUNPATH_SEARCH_PATHS = (
					"$(inherited)",
					"@executable_path/Frameworks",
				);
				PRODUCT_BUNDLE_IDENTIFIER = com.saraha.OnMap;
				PRODUCT_NAME = "$(TARGET_NAME)";
				SWIFT_VERSION = 5.0;
				TARGETED_DEVICE_FAMILY = "1,2";
			};
			name = Release;
		};
/* End XCBuildConfiguration section */

/* Begin XCConfigurationList section */
		FCFE8F1224AB3072005D7D14 /* Build configuration list for PBXProject "OnMap" */ = {
			isa = XCConfigurationList;
			buildConfigurations = (
				FCFE8F2C24AB3075005D7D14 /* Debug */,
				FCFE8F2D24AB3075005D7D14 /* Release */,
			);
			defaultConfigurationIsVisible = 0;
			defaultConfigurationName = Release;
		};
		FCFE8F2E24AB3075005D7D14 /* Build configuration list for PBXNativeTarget "OnMap" */ = {
			isa = XCConfigurationList;
			buildConfigurations = (
				FCFE8F2F24AB3075005D7D14 /* Debug */,
				FCFE8F3024AB3075005D7D14 /* Release */,
			);
			defaultConfigurationIsVisible = 0;
			defaultConfigurationName = Release;
		};
/* End XCConfigurationList section */

/* Begin XCVersionGroup section */
		FCFE8F2324AB3072005D7D14 /* OnMap.xcdatamodeld */ = {
			isa = XCVersionGroup;
			children = (
				FCFE8F2424AB3072005D7D14 /* OnMap.xcdatamodel */,
			);
			currentVersion = FCFE8F2424AB3072005D7D14 /* OnMap.xcdatamodel */;
			path = OnMap.xcdatamodeld;
			sourceTree = "<group>";
			versionGroupType = wrapper.xcdatamodel;
		};
/* End XCVersionGroup section */
	};
	rootObject = FCFE8F0F24AB3072005D7D14 /* Project object */;
}
